
Microsoft Visual Studio Solution File, Format Version 12.00
# Visual Studio Version 17
VisualStudioVersion = 17.0.31903.59
MinimumVisualStudioVersion = 10.0.40219.1
Project("{FAE04EC0-301F-11D3-BF4B-00C04F79EFBC}") = "AddressBook", "AddressBook.csproj", "{2C79EAC1-246D-42ED-9F43-D0B21A16D0DF}"
EndProject
Global
	GlobalSection(SolutionConfigurationPlatforms) = preSolution
		Debug|Any CPU = Debug|Any CPU
		Release|Any CPU = Release|Any CPU
	EndGlobalSection
	GlobalSection(ProjectConfigurationPlatforms) = postSolution
		{2C79EAC1-246D-42ED-9F43-D0B21A16D0DF}.Debug|Any CPU.ActiveCfg = Debug|Any CPU
		{2C79EAC1-246D-42ED-9F43-D0B21A16D0DF}.Debug|Any CPU.Build.0 = Debug|Any CPU
		{2C79EAC1-246D-42ED-9F43-D0B21A16D0DF}.Release|Any CPU.ActiveCfg = Release|Any CPU
		{2C79EAC1-246D-42ED-9F43-D0B21A16D0DF}.Release|Any CPU.Build.0 = Release|Any CPU
	EndGlobalSection
	GlobalSection(SolutionProperties) = preSolution
		HideSolutionNode = FALSE
	EndGlobalSection
	GlobalSection(ExtensibilityGlobals) = postSolution
		SolutionGuid = {4B175F1A-8474-484A-BCD3-BA127B735239}
	EndGlobalSection
EndGlobal
